// !$*UTF8*$!
{
	archiveVersion = 1;
	classes = {
	};
	objectVersion = 46;
	objects = {

/* Begin PBXBuildFile section */
		36CD361B1ADD3E31000D13BA /* AppDelegate.swift in Sources */ = {isa = PBXBuildFile; fileRef = 36CD361A1ADD3E31000D13BA /* AppDelegate.swift */; };
		36CD361D1ADD3E31000D13BA /* ViewController.swift in Sources */ = {isa = PBXBuildFile; fileRef = 36CD361C1ADD3E31000D13BA /* ViewController.swift */; };
		36CD36201ADD3E31000D13BA /* Main.storyboard in Resources */ = {isa = PBXBuildFile; fileRef = 36CD361E1ADD3E31000D13BA /* Main.storyboard */; };
		36CD36221ADD3E31000D13BA /* Images.xcassets in Resources */ = {isa = PBXBuildFile; fileRef = 36CD36211ADD3E31000D13BA /* Images.xcassets */; };
		36CD36251ADD3E31000D13BA /* LaunchScreen.xib in Resources */ = {isa = PBXBuildFile; fileRef = 36CD36231ADD3E31000D13BA /* LaunchScreen.xib */; };
		36CD36311ADD3E31000D13BA /* ImageControlTests.swift in Sources */ = {isa = PBXBuildFile; fileRef = 36CD36301ADD3E31000D13BA /* ImageControlTests.swift */; };
		36CD363B1ADD3E90000D13BA /* BeHereNow.jpg in Resources */ = {isa = PBXBuildFile; fileRef = 36CD363A1ADD3E90000D13BA /* BeHereNow.jpg */; };
/* End PBXBuildFile section */

/* Begin PBXContainerItemProxy section */
		36CD362B1ADD3E31000D13BA /* PBXContainerItemProxy */ = {
			isa = PBXContainerItemProxy;
			containerPortal = 36CD360D1ADD3E31000D13BA /* Project object */;
			proxyType = 1;
			remoteGlobalIDString = 36CD36141ADD3E31000D13BA;
			remoteInfo = ImageControl;
		};
/* End PBXContainerItemProxy section */

/* Begin PBXFileReference section */
		36CD36151ADD3E31000D13BA /* ImageControl.app */ = {isa = PBXFileReference; explicitFileType = wrapper.application; includeInIndex = 0; path = ImageControl.app; sourceTree = BUILT_PRODUCTS_DIR; };
		36CD36191ADD3E31000D13BA /* Info.plist */ = {isa = PBXFileReference; lastKnownFileType = text.plist.xml; path = Info.plist; sourceTree = "<group>"; };
		36CD361A1ADD3E31000D13BA /* AppDelegate.swift */ = {isa = PBXFileReference; lastKnownFileType = sourcecode.swift; path = AppDelegate.swift; sourceTree = "<group>"; };
		36CD361C1ADD3E31000D13BA /* ViewController.swift */ = {isa = PBXFileReference; lastKnownFileType = sourcecode.swift; path = ViewController.swift; sourceTree = "<group>"; };
		36CD361F1ADD3E31000D13BA /* Base */ = {isa = PBXFileReference; lastKnownFileType = file.storyboard; name = Base; path = Base.lproj/Main.storyboard; sourceTree = "<group>"; };
		36CD36211ADD3E31000D13BA /* Images.xcassets */ = {isa = PBXFileReference; lastKnownFileType = folder.assetcatalog; path = Images.xcassets; sourceTree = "<group>"; };
		36CD36241ADD3E31000D13BA /* Base */ = {isa = PBXFileReference; lastKnownFileType = file.xib; name = Base; path = Base.lproj/LaunchScreen.xib; sourceTree = "<group>"; };
		36CD362A1ADD3E31000D13BA /* ImageControlTests.xctest */ = {isa = PBXFileReference; explicitFileType = wrapper.cfbundle; includeInIndex = 0; path = ImageControlTests.xctest; sourceTree = BUILT_PRODUCTS_DIR; };
		36CD362F1ADD3E31000D13BA /* Info.plist */ = {isa = PBXFileReference; lastKnownFileType = text.plist.xml; path = Info.plist; sourceTree = "<group>"; };
		36CD36301ADD3E31000D13BA /* ImageControlTests.swift */ = {isa = PBXFileReference; lastKnownFileType = sourcecode.swift; path = ImageControlTests.swift; sourceTree = "<group>"; };
		36CD363A1ADD3E90000D13BA /* BeHereNow.jpg */ = {isa = PBXFileReference; lastKnownFileType = image.jpeg; path = BeHereNow.jpg; sourceTree = "<group>"; };
/* End PBXFileReference section */

/* Begin PBXFrameworksBuildPhase section */
		36CD36121ADD3E31000D13BA /* Frameworks */ = {
			isa = PBXFrameworksBuildPhase;
			buildActionMask = 2147483647;
			files = (
			);
			runOnlyForDeploymentPostprocessing = 0;
		};
		36CD36271ADD3E31000D13BA /* Frameworks */ = {
			isa = PBXFrameworksBuildPhase;
			buildActionMask = 2147483647;
			files = (
			);
			runOnlyForDeploymentPostprocessing = 0;
		};
/* End PBXFrameworksBuildPhase section */

/* Begin PBXGroup section */
		36CD360C1ADD3E31000D13BA = {
			isa = PBXGroup;
			children = (
				36CD36171ADD3E31000D13BA /* ImageControl */,
				36CD362D1ADD3E31000D13BA /* ImageControlTests */,
				36CD36161ADD3E31000D13BA /* Products */,
			);
			sourceTree = "<group>";
		};
		36CD36161ADD3E31000D13BA /* Products */ = {
			isa = PBXGroup;
			children = (
				36CD36151ADD3E31000D13BA /* ImageControl.app */,
				36CD362A1ADD3E31000D13BA /* ImageControlTests.xctest */,
			);
			name = Products;
			sourceTree = "<group>";
		};
		36CD36171ADD3E31000D13BA /* ImageControl */ = {
			isa = PBXGroup;
			children = (
				36CD361A1ADD3E31000D13BA /* AppDelegate.swift */,
				36CD361C1ADD3E31000D13BA /* ViewController.swift */,
				36CD361E1ADD3E31000D13BA /* Main.storyboard */,
				36CD36211ADD3E31000D13BA /* Images.xcassets */,
				36CD36231ADD3E31000D13BA /* LaunchScreen.xib */,
				36CD36181ADD3E31000D13BA /* Supporting Files */,
			);
			path = ImageControl;
			sourceTree = "<group>";
		};
		36CD36181ADD3E31000D13BA /* Supporting Files */ = {
			isa = PBXGroup;
			children = (
				36CD363A1ADD3E90000D13BA /* BeHereNow.jpg */,
				36CD36191ADD3E31000D13BA /* Info.plist */,
			);
			name = "Supporting Files";
			sourceTree = "<group>";
		};
		36CD362D1ADD3E31000D13BA /* ImageControlTests */ = {
			isa = PBXGroup;
			children = (
				36CD36301ADD3E31000D13BA /* ImageControlTests.swift */,
				36CD362E1ADD3E31000D13BA /* Supporting Files */,
			);
			path = ImageControlTests;
			sourceTree = "<group>";
		};
		36CD362E1ADD3E31000D13BA /* Supporting Files */ = {
			isa = PBXGroup;
			children = (
				36CD362F1ADD3E31000D13BA /* Info.plist */,
			);
			name = "Supporting Files";
			sourceTree = "<group>";
		};
/* End PBXGroup section */

/* Begin PBXNativeTarget section */
		36CD36141ADD3E31000D13BA /* ImageControl */ = {
			isa = PBXNativeTarget;
			buildConfigurationList = 36CD36341ADD3E31000D13BA /* Build configuration list for PBXNativeTarget "ImageControl" */;
			buildPhases = (
				36CD36111ADD3E31000D13BA /* Sources */,
				36CD36121ADD3E31000D13BA /* Frameworks */,
				36CD36131ADD3E31000D13BA /* Resources */,
			);
			buildRules = (
			);
			dependencies = (
			);
			name = ImageControl;
			productName = ImageControl;
			productReference = 36CD36151ADD3E31000D13BA /* ImageControl.app */;
			productType = "com.apple.product-type.application";
		};
		36CD36291ADD3E31000D13BA /* ImageControlTests */ = {
			isa = PBXNativeTarget;
			buildConfigurationList = 36CD36371ADD3E31000D13BA /* Build configuration list for PBXNativeTarget "ImageControlTests" */;
			buildPhases = (
				36CD36261ADD3E31000D13BA /* Sources */,
				36CD36271ADD3E31000D13BA /* Frameworks */,
				36CD36281ADD3E31000D13BA /* Resources */,
			);
			buildRules = (
			);
			dependencies = (
				36CD362C1ADD3E31000D13BA /* PBXTargetDependency */,
			);
			name = ImageControlTests;
			productName = ImageControlTests;
			productReference = 36CD362A1ADD3E31000D13BA /* ImageControlTests.xctest */;
			productType = "com.apple.product-type.bundle.unit-test";
		};
/* End PBXNativeTarget section */

/* Begin PBXProject section */
		36CD360D1ADD3E31000D13BA /* Project object */ = {
			isa = PBXProject;
			attributes = {
				LastUpgradeCheck = 0630;
				ORGANIZATIONNAME = "Masaki Horimoto";
				TargetAttributes = {
					36CD36141ADD3E31000D13BA = {
						CreatedOnToolsVersion = 6.3;
					};
					36CD36291ADD3E31000D13BA = {
						CreatedOnToolsVersion = 6.3;
						TestTargetID = 36CD36141ADD3E31000D13BA;
					};
				};
			};
			buildConfigurationList = 36CD36101ADD3E31000D13BA /* Build configuration list for PBXProject "ImageControl" */;
			compatibilityVersion = "Xcode 3.2";
			developmentRegion = English;
			hasScannedForEncodings = 0;
			knownRegions = (
				en,
				Base,
			);
			mainGroup = 36CD360C1ADD3E31000D13BA;
			productRefGroup = 36CD36161ADD3E31000D13BA /* Products */;
			projectDirPath = "";
			projectRoot = "";
			targets = (
				36CD36141ADD3E31000D13BA /* ImageControl */,
				36CD36291ADD3E31000D13BA /* ImageControlTests */,
			);
		};
/* End PBXProject section */

/* Begin PBXResourcesBuildPhase section */
		36CD36131ADD3E31000D13BA /* Resources */ = {
			isa = PBXResourcesBuildPhase;
			buildActionMask = 2147483647;
			files = (
				36CD36201ADD3E31000D13BA /* Main.storyboard in Resources */,
				36CD36251ADD3E31000D13BA /* LaunchScreen.xib in Resources */,
				36CD36221ADD3E31000D13BA /* Images.xcassets in Resources */,
				36CD363B1ADD3E90000D13BA /* BeHereNow.jpg in Resources */,
			);
			runOnlyForDeploymentPostprocessing = 0;
		};
		36CD36281ADD3E31000D13BA /* Resources */ = {
			isa = PBXResourcesBuildPhase;
			buildActionMask = 2147483647;
			files = (
			);
			runOnlyForDeploymentPostprocessing = 0;
		};
/* End PBXResourcesBuildPhase section */

/* Begin PBXSourcesBuildPhase section */
		36CD36111ADD3E31000D13BA /* Sources */ = {
			isa = PBXSourcesBuildPhase;
			buildActionMask = 2147483647;
			files = (
				36CD361D1ADD3E31000D13BA /* ViewController.swift in Sources */,
				36CD361B1ADD3E31000D13BA /* AppDelegate.swift in Sources */,
			);
			runOnlyForDeploymentPostprocessing = 0;
		};
		36CD36261ADD3E31000D13BA /* Sources */ = {
			isa = PBXSourcesBuildPhase;
			buildActionMask = 2147483647;
			files = (
				36CD36311ADD3E31000D13BA /* ImageControlTests.swift in Sources */,
			);
			runOnlyForDeploymentPostprocessing = 0;
		};
/* End PBXSourcesBuildPhase section */

/* Begin PBXTargetDependency section */
		36CD362C1ADD3E31000D13BA /* PBXTargetDependency */ = {
			isa = PBXTargetDependency;
			target = 36CD36141ADD3E31000D13BA /* ImageControl */;
			targetProxy = 36CD362B1ADD3E31000D13BA /* PBXContainerItemProxy */;
		};
/* End PBXTargetDependency section */

/* Begin PBXVariantGroup section */
		36CD361E1ADD3E31000D13BA /* Main.storyboard */ = {
			isa = PBXVariantGroup;
			children = (
				36CD361F1ADD3E31000D13BA /* Base */,
			);
			name = Main.storyboard;
			sourceTree = "<group>";
		};
		36CD36231ADD3E31000D13BA /* LaunchScreen.xib */ = {
			isa = PBXVariantGroup;
			children = (
				36CD36241ADD3E31000D13BA /* Base */,
			);
			name = LaunchScreen.xib;
			sourceTree = "<group>";
		};
/* End PBXVariantGroup section */

/* Begin XCBuildConfiguration section */
		36CD36321ADD3E31000D13BA /* Debug */ = {
			isa = XCBuildConfiguration;
			buildSettings = {
				ALWAYS_SEARCH_USER_PATHS = NO;
				CLANG_CXX_LANGUAGE_STANDARD = "gnu++0x";
				CLANG_CXX_LIBRARY = "libc++";
				CLANG_ENABLE_MODULES = YES;
				CLANG_ENABLE_OBJC_ARC = YES;
				CLANG_WARN_BOOL_CONVERSION = YES;
				CLANG_WARN_CONSTANT_CONVERSION = YES;
				CLANG_WARN_DIRECT_OBJC_ISA_USAGE = YES_ERROR;
				CLANG_WARN_EMPTY_BODY = YES;
				CLANG_WARN_ENUM_CONVERSION = YES;
				CLANG_WARN_INT_CONVERSION = YES;
				CLANG_WARN_OBJC_ROOT_CLASS = YES_ERROR;
				CLANG_WARN_UNREACHABLE_CODE = YES;
				CLANG_WARN__DUPLICATE_METHOD_MATCH = YES;
				"CODE_SIGN_IDENTITY[sdk=iphoneos*]" = "iPhone Developer";
				COPY_PHASE_STRIP = NO;
				DEBUG_INFORMATION_FORMAT = "dwarf-with-dsym";
				ENABLE_STRICT_OBJC_MSGSEND = YES;
				GCC_C_LANGUAGE_STANDARD = gnu99;
				GCC_DYNAMIC_NO_PIC = NO;
				GCC_NO_COMMON_BLOCKS = YES;
				GCC_OPTIMIZATION_LEVEL = 0;
				GCC_PREPROCESSOR_DEFINITIONS = (
					"DEBUG=1",
					"$(inherited)",
				);
				GCC_SYMBOLS_PRIVATE_EXTERN = NO;
				GCC_WARN_64_TO_32_BIT_CONVERSION = YES;
				GCC_WARN_ABOUT_RETURN_TYPE = YES_ERROR;
				GCC_WARN_UNDECLARED_SELECTOR = YES;
				GCC_WARN_UNINITIALIZED_AUTOS = YES_AGGRESSIVE;
				GCC_WARN_UNUSED_FUNCTION = YES;
				GCC_WARN_UNUSED_VARIABLE = YES;
				IPHONEOS_DEPLOYMENT_TARGET = 8.3;
				MTL_ENABLE_DEBUG_INFO = YES;
				ONLY_ACTIVE_ARCH = YES;
				SDKROOT = iphoneos;
				SWIFT_OPTIMIZATION_LEVEL = "-Onone";
			};
			name = Debug;
		};
		36CD36331ADD3E31000D13BA /* Release */ = {
			isa = XCBuildConfiguration;
			buildSettings = {
				ALWAYS_SEARCH_USER_PATHS = NO;
				CLANG_CXX_LANGUAGE_STANDARD = "gnu++0x";
				CLANG_CXX_LIBRARY = "libc++";
				CLANG_ENABLE_MODULES = YES;
				CLANG_ENABLE_OBJC_ARC = YES;
				CLANG_WARN_BOOL_CONVERSION = YES;
				CLANG_WARN_CONSTANT_CONVERSION = YES;
				CLANG_WARN_DIRECT_OBJC_ISA_USAGE = YES_ERROR;
				CLANG_WARN_EMPTY_BODY = YES;
				CLANG_WARN_ENUM_CONVERSION = YES;
				CLANG_WARN_INT_CONVERSION = YES;
				CLANG_WARN_OBJC_ROOT_CLASS = YES_ERROR;
				CLANG_WARN_UNREACHABLE_CODE = YES;
				CLANG_WARN__DUPLICATE_METHOD_MATCH = YES;
				"CODE_SIGN_IDENTITY[sdk=iphoneos*]" = "iPhone Developer";
				COPY_PHASE_STRIP = NO;
				DEBUG_INFORMATION_FORMAT = "dwarf-with-dsym";
				ENABLE_NS_ASSERTIONS = NO;
				ENABLE_STRICT_OBJC_MSGSEND = YES;
				GCC_C_LANGUAGE_STANDARD = gnu99;
				GCC_NO_COMMON_BLOCKS = YES;
				GCC_WARN_64_TO_32_BIT_CONVERSION = YES;
				GCC_WARN_ABOUT_RETURN_TYPE = YES_ERROR;
				GCC_WARN_UNDECLARED_SELECTOR = YES;
				GCC_WARN_UNINITIALIZED_AUTOS = YES_AGGRESSIVE;
				GCC_WARN_UNUSED_FUNCTION = YES;
				GCC_WARN_UNUSED_VARIABLE = YES;
				IPHONEOS_DEPLOYMENT_TARGET = 8.3;
				MTL_ENABLE_DEBUG_INFO = NO;
				SDKROOT = iphoneos;
				VALIDATE_PRODUCT = YES;
			};
			name = Release;
		};
		36CD36351ADD3E31000D13BA /* Debug */ = {
			isa = XCBuildConfiguration;
			buildSettings = {
				ASSETCATALOG_COMPILER_APPICON_NAME = AppIcon;
				INFOPLIST_FILE = ImageControl/Info.plist;
				LD_RUNPATH_SEARCH_PATHS = "$(inherited) @executable_path/Frameworks";
				PRODUCT_NAME = "$(TARGET_NAME)";
			};
			name = Debug;
		};
		36CD36361ADD3E31000D13BA /* Release */ = {
			isa = XCBuildConfiguration;
			buildSettings = {
				ASSETCATALOG_COMPILER_APPICON_NAME = AppIcon;
				INFOPLIST_FILE = ImageControl/Info.plist;
				LD_RUNPATH_SEARCH_PATHS = "$(inherited) @executable_path/Frameworks";
				PRODUCT_NAME = "$(TARGET_NAME)";
			};
			name = Release;
		};
		36CD36381ADD3E31000D13BA /* Debug */ = {
			isa = XCBuildConfiguration;
			buildSettings = {
				BUNDLE_LOADER = "$(TEST_HOST)";
				FRAMEWORK_SEARCH_PATHS = (
					"$(SDKROOT)/Developer/Library/Frameworks",
					"$(inherited)",
				);
				GCC_PREPROCESSOR_DEFINITIONS = (
					"DEBUG=1",
					"$(inherited)",
				);
				INFOPLIST_FILE = ImageControlTests/Info.plist;
				LD_RUNPATH_SEARCH_PATHS = "$(inherited) @executable_path/Frameworks @loader_path/Frameworks";
				PRODUCT_NAME = "$(TARGET_NAME)";
				TEST_HOST = "$(BUILT_PRODUCTS_DIR)/ImageControl.app/ImageControl";
			};
			name = Debug;
		};
		36CD36391ADD3E31000D13BA /* Release */ = {
			isa = XCBuildConfiguration;
			buildSettings = {
				BUNDLE_LOADER = "$(TEST_HOST)";
				FRAMEWORK_SEARCH_PATHS = (
					"$(SDKROOT)/Developer/Library/Frameworks",
					"$(inherited)",
				);
				INFOPLIST_FILE = ImageControlTests/Info.plist;
				LD_RUNPATH_SEARCH_PATHS = "$(inherited) @executable_path/Frameworks @loader_path/Frameworks";
				PRODUCT_NAME = "$(TARGET_NAME)";
				TEST_HOST = "$(BUILT_PRODUCTS_DIR)/ImageControl.app/ImageControl";
			};
			name = Release;
		};
/* End XCBuildConfiguration section */

/* Begin XCConfigurationList section */
		36CD36101ADD3E31000D13BA /* Build configuration list for PBXProject "ImageControl" */ = {
			isa = XCConfigurationList;
			buildConfigurations = (
				36CD36321ADD3E31000D13BA /* Debug */,
				36CD36331ADD3E31000D13BA /* Release */,
			);
			defaultConfigurationIsVisible = 0;
			defaultConfigurationName = Release;
		};
		36CD36341ADD3E31000D13BA /* Build configuration list for PBXNativeTarget "ImageControl" */ = {
			isa = XCConfigurationList;
			buildConfigurations = (
				36CD36351ADD3E31000D13BA /* Debug */,
				36CD36361ADD3E31000D13BA /* Release */,
			);
			defaultConfigurationIsVisible = 0;
		};
		36CD36371ADD3E31000D13BA /* Build configuration list for PBXNativeTarget "ImageControlTests" */ = {
			isa = XCConfigurationList;
			buildConfigurations = (
				36CD36381ADD3E31000D13BA /* Debug */,
				36CD36391ADD3E31000D13BA /* Release */,
			);
			defaultConfigurationIsVisible = 0;
		};
/* End XCConfigurationList section */
	};
	rootObject = 36CD360D1ADD3E31000D13BA /* Project object */;
}
